
Microsoft Visual Studio Solution File, Format Version 12.00
# Visual Studio Version 16
VisualStudioVersion = 16.0.29926.136
MinimumVisualStudioVersion = 10.0.40219.1
Project("{FAE04EC0-301F-11D3-BF4B-00C04F79EFBC}") = "TreeIntersection", "TreeIntersection\TreeIntersection.csproj", "{2DAA4D49-8FA7-4821-92AF-589417BC1418}"
EndProject
Project("{FAE04EC0-301F-11D3-BF4B-00C04F79EFBC}") = "GunitTesting", "GunitTesting\GunitTesting.csproj", "{238C5963-0B63-4ED1-B716-8F3CEC213CFF}"
EndProject
Global
	GlobalSection(SolutionConfigurationPlatforms) = preSolution
		Debug|Any CPU = Debug|Any CPU
		Release|Any CPU = Release|Any CPU
	EndGlobalSection
	GlobalSection(ProjectConfigurationPlatforms) = postSolution
		{2DAA4D49-8FA7-4821-92AF-589417BC1418}.Debug|Any CPU.ActiveCfg = Debug|Any CPU
		{2DAA4D49-8FA7-4821-92AF-589417BC1418}.Debug|Any CPU.Build.0 = Debug|Any CPU
		{2DAA4D49-8FA7-4821-92AF-589417BC1418}.Release|Any CPU.ActiveCfg = Release|Any CPU
		{2DAA4D49-8FA7-4821-92AF-589417BC1418}.Release|Any CPU.Build.0 = Release|Any CPU
		{238C5963-0B63-4ED1-B716-8F3CEC213CFF}.Debug|Any CPU.ActiveCfg = Debug|Any CPU
		{238C5963-0B63-4ED1-B716-8F3CEC213CFF}.Debug|Any CPU.Build.0 = Debug|Any CPU
		{238C5963-0B63-4ED1-B716-8F3CEC213CFF}.Release|Any CPU.ActiveCfg = Release|Any CPU
		{238C5963-0B63-4ED1-B716-8F3CEC213CFF}.Release|Any CPU.Build.0 = Release|Any CPU
	EndGlobalSection
	GlobalSection(SolutionProperties) = preSolution
		HideSolutionNode = FALSE
	EndGlobalSection
	GlobalSection(ExtensibilityGlobals) = postSolution
		SolutionGuid = {DB091594-E661-4A37-90CF-F9C291F9534E}
	EndGlobalSection
EndGlobal
