
Microsoft Visual Studio Solution File, Format Version 12.00
# Visual Studio Version 16
VisualStudioVersion = 16.0.29926.136
MinimumVisualStudioVersion = 10.0.40219.1
Project("{9A19103F-16F7-4668-BE54-9A1E7A4F7556}") = "Hashtables", "Hashtables\Hashtables.csproj", "{FE511769-A96A-48D2-85A5-5CE4B83358D0}"
EndProject
Project("{FAE04EC0-301F-11D3-BF4B-00C04F79EFBC}") = "GunitTesting", "GunitTesting\GunitTesting.csproj", "{D41A08A3-F394-4BA4-AA9F-35A0F43B888E}"
EndProject
Global
	GlobalSection(SolutionConfigurationPlatforms) = preSolution
		Debug|Any CPU = Debug|Any CPU
		Release|Any CPU = Release|Any CPU
	EndGlobalSection
	GlobalSection(ProjectConfigurationPlatforms) = postSolution
		{FE511769-A96A-48D2-85A5-5CE4B83358D0}.Debug|Any CPU.ActiveCfg = Debug|Any CPU
		{FE511769-A96A-48D2-85A5-5CE4B83358D0}.Debug|Any CPU.Build.0 = Debug|Any CPU
		{FE511769-A96A-48D2-85A5-5CE4B83358D0}.Release|Any CPU.ActiveCfg = Release|Any CPU
		{FE511769-A96A-48D2-85A5-5CE4B83358D0}.Release|Any CPU.Build.0 = Release|Any CPU
		{D41A08A3-F394-4BA4-AA9F-35A0F43B888E}.Debug|Any CPU.ActiveCfg = Debug|Any CPU
		{D41A08A3-F394-4BA4-AA9F-35A0F43B888E}.Debug|Any CPU.Build.0 = Debug|Any CPU
		{D41A08A3-F394-4BA4-AA9F-35A0F43B888E}.Release|Any CPU.ActiveCfg = Release|Any CPU
		{D41A08A3-F394-4BA4-AA9F-35A0F43B888E}.Release|Any CPU.Build.0 = Release|Any CPU
	EndGlobalSection
	GlobalSection(SolutionProperties) = preSolution
		HideSolutionNode = FALSE
	EndGlobalSection
	GlobalSection(ExtensibilityGlobals) = postSolution
		SolutionGuid = {D33EB6F4-8B85-42B8-BBC1-F3909E59BD27}
	EndGlobalSection
EndGlobal
