
Microsoft Visual Studio Solution File, Format Version 12.00
# Visual Studio Version 16
VisualStudioVersion = 16.0.29926.136
MinimumVisualStudioVersion = 10.0.40219.1
Project("{FAE04EC0-301F-11D3-BF4B-00C04F79EFBC}") = "Graph", "Graph\Graph.csproj", "{F9CEEE63-4213-4F24-8523-62690DDC1BC1}"
EndProject
Project("{FAE04EC0-301F-11D3-BF4B-00C04F79EFBC}") = "GUnitTestProject1", "GUnitTestProject1\GUnitTestProject1.csproj", "{920FCF8C-3911-4BA0-A783-194061A919C7}"
EndProject
Global
	GlobalSection(SolutionConfigurationPlatforms) = preSolution
		Debug|Any CPU = Debug|Any CPU
		Release|Any CPU = Release|Any CPU
	EndGlobalSection
	GlobalSection(ProjectConfigurationPlatforms) = postSolution
		{F9CEEE63-4213-4F24-8523-62690DDC1BC1}.Debug|Any CPU.ActiveCfg = Debug|Any CPU
		{F9CEEE63-4213-4F24-8523-62690DDC1BC1}.Debug|Any CPU.Build.0 = Debug|Any CPU
		{F9CEEE63-4213-4F24-8523-62690DDC1BC1}.Release|Any CPU.ActiveCfg = Release|Any CPU
		{F9CEEE63-4213-4F24-8523-62690DDC1BC1}.Release|Any CPU.Build.0 = Release|Any CPU
		{920FCF8C-3911-4BA0-A783-194061A919C7}.Debug|Any CPU.ActiveCfg = Debug|Any CPU
		{920FCF8C-3911-4BA0-A783-194061A919C7}.Debug|Any CPU.Build.0 = Debug|Any CPU
		{920FCF8C-3911-4BA0-A783-194061A919C7}.Release|Any CPU.ActiveCfg = Release|Any CPU
		{920FCF8C-3911-4BA0-A783-194061A919C7}.Release|Any CPU.Build.0 = Release|Any CPU
	EndGlobalSection
	GlobalSection(SolutionProperties) = preSolution
		HideSolutionNode = FALSE
	EndGlobalSection
	GlobalSection(ExtensibilityGlobals) = postSolution
		SolutionGuid = {E145107D-E447-4A86-A780-965F34FD6869}
	EndGlobalSection
EndGlobal
