
Microsoft Visual Studio Solution File, Format Version 12.00
# Visual Studio Version 16
VisualStudioVersion = 16.0.29926.136
MinimumVisualStudioVersion = 10.0.40219.1
Project("{FAE04EC0-301F-11D3-BF4B-00C04F79EFBC}") = "SumOfAllOddNumber", "SumOfAllOddNumber\SumOfAllOddNumber.csproj", "{7483BEBE-CA8E-4873-B595-C1B2E20DD9FA}"
EndProject
Project("{FAE04EC0-301F-11D3-BF4B-00C04F79EFBC}") = "GunitProject", "GunitProject\GunitProject.csproj", "{94957A2D-AA60-43FD-8EE6-8CD6BD003383}"
EndProject
Global
	GlobalSection(SolutionConfigurationPlatforms) = preSolution
		Debug|Any CPU = Debug|Any CPU
		Release|Any CPU = Release|Any CPU
	EndGlobalSection
	GlobalSection(ProjectConfigurationPlatforms) = postSolution
		{7483BEBE-CA8E-4873-B595-C1B2E20DD9FA}.Debug|Any CPU.ActiveCfg = Debug|Any CPU
		{7483BEBE-CA8E-4873-B595-C1B2E20DD9FA}.Debug|Any CPU.Build.0 = Debug|Any CPU
		{7483BEBE-CA8E-4873-B595-C1B2E20DD9FA}.Release|Any CPU.ActiveCfg = Release|Any CPU
		{7483BEBE-CA8E-4873-B595-C1B2E20DD9FA}.Release|Any CPU.Build.0 = Release|Any CPU
		{94957A2D-AA60-43FD-8EE6-8CD6BD003383}.Debug|Any CPU.ActiveCfg = Debug|Any CPU
		{94957A2D-AA60-43FD-8EE6-8CD6BD003383}.Debug|Any CPU.Build.0 = Debug|Any CPU
		{94957A2D-AA60-43FD-8EE6-8CD6BD003383}.Release|Any CPU.ActiveCfg = Release|Any CPU
		{94957A2D-AA60-43FD-8EE6-8CD6BD003383}.Release|Any CPU.Build.0 = Release|Any CPU
	EndGlobalSection
	GlobalSection(SolutionProperties) = preSolution
		HideSolutionNode = FALSE
	EndGlobalSection
	GlobalSection(ExtensibilityGlobals) = postSolution
		SolutionGuid = {346EAD95-B99E-4F58-8F24-F9D46D1542C8}
	EndGlobalSection
EndGlobal
