
Microsoft Visual Studio Solution File, Format Version 12.00
# Visual Studio Version 16
VisualStudioVersion = 16.0.29926.136
MinimumVisualStudioVersion = 10.0.40219.1
Project("{FAE04EC0-301F-11D3-BF4B-00C04F79EFBC}") = "FIFOAnimalShelter", "FIFOAnimalShelter\FIFOAnimalShelter.csproj", "{AE0BFA2B-B61B-4CFD-9FD8-EFB13AAE62F3}"
EndProject
Project("{FAE04EC0-301F-11D3-BF4B-00C04F79EFBC}") = "GUnitTest", "GUnitTest\GUnitTest.csproj", "{C87E190C-26EE-40B3-A44B-EA45180C35AC}"
EndProject
Global
	GlobalSection(SolutionConfigurationPlatforms) = preSolution
		Debug|Any CPU = Debug|Any CPU
		Release|Any CPU = Release|Any CPU
	EndGlobalSection
	GlobalSection(ProjectConfigurationPlatforms) = postSolution
		{AE0BFA2B-B61B-4CFD-9FD8-EFB13AAE62F3}.Debug|Any CPU.ActiveCfg = Debug|Any CPU
		{AE0BFA2B-B61B-4CFD-9FD8-EFB13AAE62F3}.Debug|Any CPU.Build.0 = Debug|Any CPU
		{AE0BFA2B-B61B-4CFD-9FD8-EFB13AAE62F3}.Release|Any CPU.ActiveCfg = Release|Any CPU
		{AE0BFA2B-B61B-4CFD-9FD8-EFB13AAE62F3}.Release|Any CPU.Build.0 = Release|Any CPU
		{C87E190C-26EE-40B3-A44B-EA45180C35AC}.Debug|Any CPU.ActiveCfg = Debug|Any CPU
		{C87E190C-26EE-40B3-A44B-EA45180C35AC}.Debug|Any CPU.Build.0 = Debug|Any CPU
		{C87E190C-26EE-40B3-A44B-EA45180C35AC}.Release|Any CPU.ActiveCfg = Release|Any CPU
		{C87E190C-26EE-40B3-A44B-EA45180C35AC}.Release|Any CPU.Build.0 = Release|Any CPU
	EndGlobalSection
	GlobalSection(SolutionProperties) = preSolution
		HideSolutionNode = FALSE
	EndGlobalSection
	GlobalSection(ExtensibilityGlobals) = postSolution
		SolutionGuid = {EFD30942-2E14-488D-92B7-7FCE1A214CE5}
	EndGlobalSection
EndGlobal
