
Microsoft Visual Studio Solution File, Format Version 12.00
# Visual Studio Version 16
VisualStudioVersion = 16.0.29926.136
MinimumVisualStudioVersion = 10.0.40219.1
Project("{FAE04EC0-301F-11D3-BF4B-00C04F79EFBC}") = "InsertionSort", "InsertionSort\InsertionSort.csproj", "{ED28018A-4B13-4B03-8D8A-CC4172098E8B}"
EndProject
Global
	GlobalSection(SolutionConfigurationPlatforms) = preSolution
		Debug|Any CPU = Debug|Any CPU
		Release|Any CPU = Release|Any CPU
	EndGlobalSection
	GlobalSection(ProjectConfigurationPlatforms) = postSolution
		{ED28018A-4B13-4B03-8D8A-CC4172098E8B}.Debug|Any CPU.ActiveCfg = Debug|Any CPU
		{ED28018A-4B13-4B03-8D8A-CC4172098E8B}.Debug|Any CPU.Build.0 = Debug|Any CPU
		{ED28018A-4B13-4B03-8D8A-CC4172098E8B}.Release|Any CPU.ActiveCfg = Release|Any CPU
		{ED28018A-4B13-4B03-8D8A-CC4172098E8B}.Release|Any CPU.Build.0 = Release|Any CPU
	EndGlobalSection
	GlobalSection(SolutionProperties) = preSolution
		HideSolutionNode = FALSE
	EndGlobalSection
	GlobalSection(ExtensibilityGlobals) = postSolution
		SolutionGuid = {A394D244-55E1-4C6A-B9A0-5B0927558529}
	EndGlobalSection
EndGlobal
